
Microsoft Visual Studio Solution File, Format Version 12.00
# Visual Studio 15
VisualStudioVersion = 15.0.27703.2047
MinimumVisualStudioVersion = 10.0.40219.1
Project("{FAE04EC0-301F-11D3-BF4B-00C04F79EFBC}") = "aula-17-orientacao-a-objetos-abstracao", "aula-17-orientacao-a-objetos-abstracao\aula-17-orientacao-a-objetos-abstracao.csproj", "{3920093A-BF3D-4BF8-A071-69C158B0424E}"
EndProject
Global
	GlobalSection(SolutionConfigurationPlatforms) = preSolution
		Debug|Any CPU = Debug|Any CPU
		Release|Any CPU = Release|Any CPU
	EndGlobalSection
	GlobalSection(ProjectConfigurationPlatforms) = postSolution
		{3920093A-BF3D-4BF8-A071-69C158B0424E}.Debug|Any CPU.ActiveCfg = Debug|Any CPU
		{3920093A-BF3D-4BF8-A071-69C158B0424E}.Debug|Any CPU.Build.0 = Debug|Any CPU
		{3920093A-BF3D-4BF8-A071-69C158B0424E}.Release|Any CPU.ActiveCfg = Release|Any CPU
		{3920093A-BF3D-4BF8-A071-69C158B0424E}.Release|Any CPU.Build.0 = Release|Any CPU
	EndGlobalSection
	GlobalSection(SolutionProperties) = preSolution
		HideSolutionNode = FALSE
	EndGlobalSection
	GlobalSection(ExtensibilityGlobals) = postSolution
		SolutionGuid = {E0D3E7A2-2C3E-49DE-9ED6-D58B4332B72D}
	EndGlobalSection
EndGlobal
